{
  "name": "id.co.manulife.fatayat",
  "version": "1.0.0",
  "lockfileVersion": 1,
  "requires": true,
  "dependencies": {
    "abbrev": {
      "version": "1.1.1",
      "resolved": "https://registry.npmjs.org/abbrev/-/abbrev-1.1.1.tgz",
      "integrity": "sha512-nne9/IiQ/hzIhY6pdDnbBtz7DjPTKrY00P/zvPSm5pOFkl6xuGrGnXn/VtTNNfNtAfZ9/1RtehkszU9qcTii0Q=="
    },
    "argv-tools": {
      "version": "0.1.1",
      "resolved": "https://registry.npmjs.org/argv-tools/-/argv-tools-0.1.1.tgz",
      "integrity": "sha512-Cc0dBvx4dvrjjKpyDA6w8RlNAw8Su30NvZbWl/Tv9ZALEVlLVkWQiHMi84Q0xNfpVuSaiQbYkdmWK8g1PLGhKw==",
      "dev": true,
      "requires": {
        "array-back": "^2.0.0",
        "find-replace": "^2.0.1"
      }
    },
    "array-back": {
      "version": "2.0.0",
      "resolved": "https://registry.npmjs.org/array-back/-/array-back-2.0.0.tgz",
      "integrity": "sha512-eJv4pLLufP3g5kcZry0j6WXpIbzYw9GUB4mVJZno9wfwiBxbizTnHCw3VJb07cBihbFX48Y7oSrW9y+gt4glyw==",
      "dev": true,
      "requires": {
        "typical": "^2.6.1"
      }
    },
    "base64-js": {
      "version": "1.2.0",
      "resolved": "https://registry.npmjs.org/base64-js/-/base64-js-1.2.0.tgz",
      "integrity": "sha1-o5mS1yNYSBGYK+XikLtqU9hnAPE="
    },
    "bplist-parser": {
      "version": "0.0.6",
      "resolved": "https://registry.npmjs.org/bplist-parser/-/bplist-parser-0.0.6.tgz",
      "integrity": "sha1-ONo0cYF9+dRKs4kuJ3B7u9daEbk="
    },
    "command-line-args": {
      "version": "5.0.1",
      "resolved": "https://registry.npmjs.org/command-line-args/-/command-line-args-5.0.1.tgz",
      "integrity": "sha512-gRJDcIjFSzMcmG/GrJlgL0wWoAxr11mVzCq32bjka0endupm9meLwvoJUKc4HDeFiEIB2X3GvNrhF5cKO4Bd4A==",
      "dev": true,
      "requires": {
        "argv-tools": "^0.1.1",
        "array-back": "^2.0.0",
        "find-replace": "^2.0.1",
        "lodash.camelcase": "^4.3.0",
        "typical": "^2.6.1"
      }
    },
    "cordova-android": {
      "version": "7.0.0",
      "resolved": "https://registry.npmjs.org/cordova-android/-/cordova-android-7.0.0.tgz",
      "integrity": "sha1-yVvt/PvDhjsYDE0p7/7E95Nh0Z0=",
      "requires": {
        "android-versions": "^1.2.1",
        "cordova-common": "^2.2.0",
        "elementtree": "0.1.6",
        "nopt": "^3.0.1",
        "properties-parser": "^0.2.3",
        "q": "^1.4.1",
        "shelljs": "^0.5.3"
      },
      "dependencies": {
        "abbrev": {
          "version": "1.1.1",
          "bundled": true
        },
        "android-versions": {
          "version": "1.2.1",
          "bundled": true
        },
        "ansi": {
          "version": "0.3.1",
          "bundled": true
        },
        "balanced-match": {
          "version": "1.0.0",
          "bundled": true
        },
        "base64-js": {
          "version": "0.0.8",
          "bundled": true
        },
        "big-integer": {
          "version": "1.6.26",
          "bundled": true
        },
        "bplist-parser": {
          "version": "0.1.1",
          "bundled": true,
          "requires": {
            "big-integer": "^1.6.7"
          }
        },
        "brace-expansion": {
          "version": "1.1.8",
          "bundled": true,
          "requires": {
            "balanced-match": "^1.0.0",
            "concat-map": "0.0.1"
          }
        },
        "concat-map": {
          "version": "0.0.1",
          "bundled": true
        },
        "cordova-common": {
          "version": "2.2.0",
          "bundled": true,
          "requires": {
            "ansi": "^0.3.1",
            "bplist-parser": "^0.1.0",
            "cordova-registry-mapper": "^1.1.8",
            "elementtree": "0.1.6",
            "glob": "^5.0.13",
            "minimatch": "^3.0.0",
            "osenv": "^0.1.3",
            "plist": "^1.2.0",
            "q": "^1.4.1",
            "semver": "^5.0.1",
            "shelljs": "^0.5.3",
            "underscore": "^1.8.3",
            "unorm": "^1.3.3"
          }
        },
        "cordova-registry-mapper": {
          "version": "1.1.15",
          "bundled": true
        },
        "elementtree": {
          "version": "0.1.6",
          "bundled": true,
          "requires": {
            "sax": "0.3.5"
          }
        },
        "glob": {
          "version": "5.0.15",
          "bundled": true,
          "requires": {
            "inflight": "^1.0.4",
            "inherits": "2",
            "minimatch": "2 || 3",
            "once": "^1.3.0",
            "path-is-absolute": "^1.0.0"
          }
        },
        "inflight": {
          "version": "1.0.6",
          "bundled": true,
          "requires": {
            "once": "^1.3.0",
            "wrappy": "1"
          }
        },
        "inherits": {
          "version": "2.0.3",
          "bundled": true
        },
        "lodash": {
          "version": "3.10.1",
          "bundled": true
        },
        "minimatch": {
          "version": "3.0.4",
          "bundled": true,
          "requires": {
            "brace-expansion": "^1.1.7"
          }
        },
        "nopt": {
          "version": "3.0.6",
          "bundled": true,
          "requires": {
            "abbrev": "1"
          }
        },
        "once": {
          "version": "1.4.0",
          "bundled": true,
          "requires": {
            "wrappy": "1"
          }
        },
        "os-homedir": {
          "version": "1.0.2",
          "bundled": true
        },
        "os-tmpdir": {
          "version": "1.0.2",
          "bundled": true
        },
        "osenv": {
          "version": "0.1.4",
          "bundled": true,
          "requires": {
            "os-homedir": "^1.0.0",
            "os-tmpdir": "^1.0.0"
          }
        },
        "path-is-absolute": {
          "version": "1.0.1",
          "bundled": true
        },
        "plist": {
          "version": "1.2.0",
          "bundled": true,
          "requires": {
            "base64-js": "0.0.8",
            "util-deprecate": "1.0.2",
            "xmlbuilder": "4.0.0",
            "xmldom": "0.1.x"
          }
        },
        "properties-parser": {
          "version": "0.2.3",
          "bundled": true
        },
        "q": {
          "version": "1.5.1",
          "bundled": true
        },
        "sax": {
          "version": "0.3.5",
          "bundled": true
        },
        "semver": {
          "version": "5.4.1",
          "bundled": true
        },
        "shelljs": {
          "version": "0.5.3",
          "bundled": true
        },
        "underscore": {
          "version": "1.8.3",
          "bundled": true
        },
        "unorm": {
          "version": "1.4.1",
          "bundled": true
        },
        "util-deprecate": {
          "version": "1.0.2",
          "bundled": true
        },
        "wrappy": {
          "version": "1.0.2",
          "bundled": true
        },
        "xmlbuilder": {
          "version": "4.0.0",
          "bundled": true,
          "requires": {
            "lodash": "^3.5.0"
          }
        },
        "xmldom": {
          "version": "0.1.27",
          "bundled": true
        }
      }
    },
    "cordova-android-support-gradle-release": {
      "version": "1.2.0",
      "resolved": "https://registry.npmjs.org/cordova-android-support-gradle-release/-/cordova-android-support-gradle-release-1.2.0.tgz",
      "integrity": "sha1-DHvAq5IHuJdC3YXkgQ4Ie2FCYTU=",
      "requires": {
        "xml2js": "~0.4.19"
      }
    },
    "cordova-browser": {
      "version": "5.0.3",
      "resolved": "https://registry.npmjs.org/cordova-browser/-/cordova-browser-5.0.3.tgz",
      "integrity": "sha1-9+VCAv3wlpQ4XXjArYckEMsJTfU=",
      "requires": {
        "cordova-common": "^2.1.1",
        "cordova-serve": "^2.0.0",
        "nopt": "^3.0.6",
        "shelljs": "^0.5.3"
      },
      "dependencies": {
        "abbrev": {
          "version": "1.1.1",
          "bundled": true
        },
        "accepts": {
          "version": "1.3.4",
          "bundled": true,
          "requires": {
            "mime-types": "~2.1.16",
            "negotiator": "0.6.1"
          }
        },
        "ansi": {
          "version": "0.3.1",
          "bundled": true
        },
        "ansi-regex": {
          "version": "2.1.1",
          "bundled": true
        },
        "ansi-styles": {
          "version": "2.2.1",
          "bundled": true
        },
        "array-flatten": {
          "version": "1.1.1",
          "bundled": true
        },
        "balanced-match": {
          "version": "1.0.0",
          "bundled": true
        },
        "base64-js": {
          "version": "0.0.8",
          "bundled": true
        },
        "big-integer": {
          "version": "1.6.26",
          "bundled": true
        },
        "body-parser": {
          "version": "1.18.2",
          "bundled": true,
          "requires": {
            "bytes": "3.0.0",
            "content-type": "~1.0.4",
            "debug": "2.6.9",
            "depd": "~1.1.1",
            "http-errors": "~1.6.2",
            "iconv-lite": "0.4.19",
            "on-finished": "~2.3.0",
            "qs": "6.5.1",
            "raw-body": "2.3.2",
            "type-is": "~1.6.15"
          }
        },
        "bplist-parser": {
          "version": "0.1.1",
          "bundled": true,
          "requires": {
            "big-integer": "^1.6.7"
          }
        },
        "brace-expansion": {
          "version": "1.1.8",
          "bundled": true,
          "requires": {
            "balanced-match": "^1.0.0",
            "concat-map": "0.0.1"
          }
        },
        "bytes": {
          "version": "3.0.0",
          "bundled": true
        },
        "chalk": {
          "version": "1.1.3",
          "bundled": true,
          "requires": {
            "ansi-styles": "^2.2.1",
            "escape-string-regexp": "^1.0.2",
            "has-ansi": "^2.0.0",
            "strip-ansi": "^3.0.0",
            "supports-color": "^2.0.0"
          }
        },
        "compressible": {
          "version": "2.0.12",
          "bundled": true,
          "requires": {
            "mime-db": ">= 1.30.0 < 2"
          }
        },
        "compression": {
          "version": "1.7.1",
          "bundled": true,
          "requires": {
            "accepts": "~1.3.4",
            "bytes": "3.0.0",
            "compressible": "~2.0.11",
            "debug": "2.6.9",
            "on-headers": "~1.0.1",
            "safe-buffer": "5.1.1",
            "vary": "~1.1.2"
          }
        },
        "concat-map": {
          "version": "0.0.1",
          "bundled": true
        },
        "content-disposition": {
          "version": "0.5.2",
          "bundled": true
        },
        "content-type": {
          "version": "1.0.4",
          "bundled": true
        },
        "cookie": {
          "version": "0.3.1",
          "bundled": true
        },
        "cookie-signature": {
          "version": "1.0.6",
          "bundled": true
        },
        "cordova-common": {
          "version": "2.2.0",
          "bundled": true,
          "requires": {
            "ansi": "^0.3.1",
            "bplist-parser": "^0.1.0",
            "cordova-registry-mapper": "^1.1.8",
            "elementtree": "0.1.6",
            "glob": "^5.0.13",
            "minimatch": "^3.0.0",
            "osenv": "^0.1.3",
            "plist": "^1.2.0",
            "q": "^1.4.1",
            "semver": "^5.0.1",
            "shelljs": "^0.5.3",
            "underscore": "^1.8.3",
            "unorm": "^1.3.3"
          }
        },
        "cordova-registry-mapper": {
          "version": "1.1.15",
          "bundled": true
        },
        "cordova-serve": {
          "version": "2.0.0",
          "bundled": true,
          "requires": {
            "chalk": "^1.1.1",
            "compression": "^1.6.0",
            "express": "^4.13.3",
            "open": "0.0.5",
            "shelljs": "^0.5.3"
          }
        },
        "debug": {
          "version": "2.6.9",
          "bundled": true,
          "requires": {
            "ms": "2.0.0"
          }
        },
        "depd": {
          "version": "1.1.1",
          "bundled": true
        },
        "destroy": {
          "version": "1.0.4",
          "bundled": true
        },
        "ee-first": {
          "version": "1.1.1",
          "bundled": true
        },
        "elementtree": {
          "version": "0.1.6",
          "bundled": true,
          "requires": {
            "sax": "0.3.5"
          }
        },
        "encodeurl": {
          "version": "1.0.1",
          "bundled": true
        },
        "escape-html": {
          "version": "1.0.3",
          "bundled": true
        },
        "escape-string-regexp": {
          "version": "1.0.5",
          "bundled": true
        },
        "etag": {
          "version": "1.8.1",
          "bundled": true
        },
        "express": {
          "version": "4.16.2",
          "bundled": true,
          "requires": {
            "accepts": "~1.3.4",
            "array-flatten": "1.1.1",
            "body-parser": "1.18.2",
            "content-disposition": "0.5.2",
            "content-type": "~1.0.4",
            "cookie": "0.3.1",
            "cookie-signature": "1.0.6",
            "debug": "2.6.9",
            "depd": "~1.1.1",
            "encodeurl": "~1.0.1",
            "escape-html": "~1.0.3",
            "etag": "~1.8.1",
            "finalhandler": "1.1.0",
            "fresh": "0.5.2",
            "merge-descriptors": "1.0.1",
            "methods": "~1.1.2",
            "on-finished": "~2.3.0",
            "parseurl": "~1.3.2",
            "path-to-regexp": "0.1.7",
            "proxy-addr": "~2.0.2",
            "qs": "6.5.1",
            "range-parser": "~1.2.0",
            "safe-buffer": "5.1.1",
            "send": "0.16.1",
            "serve-static": "1.13.1",
            "setprototypeof": "1.1.0",
            "statuses": "~1.3.1",
            "type-is": "~1.6.15",
            "utils-merge": "1.0.1",
            "vary": "~1.1.2"
          }
        },
        "finalhandler": {
          "version": "1.1.0",
          "bundled": true,
          "requires": {
            "debug": "2.6.9",
            "encodeurl": "~1.0.1",
            "escape-html": "~1.0.3",
            "on-finished": "~2.3.0",
            "parseurl": "~1.3.2",
            "statuses": "~1.3.1",
            "unpipe": "~1.0.0"
          }
        },
        "forwarded": {
          "version": "0.1.2",
          "bundled": true
        },
        "fresh": {
          "version": "0.5.2",
          "bundled": true
        },
        "glob": {
          "version": "5.0.15",
          "bundled": true,
          "requires": {
            "inflight": "^1.0.4",
            "inherits": "2",
            "minimatch": "2 || 3",
            "once": "^1.3.0",
            "path-is-absolute": "^1.0.0"
          }
        },
        "has-ansi": {
          "version": "2.0.0",
          "bundled": true,
          "requires": {
            "ansi-regex": "^2.0.0"
          }
        },
        "http-errors": {
          "version": "1.6.2",
          "bundled": true,
          "requires": {
            "depd": "1.1.1",
            "inherits": "2.0.3",
            "setprototypeof": "1.0.3",
            "statuses": ">= 1.3.1 < 2"
          },
          "dependencies": {
            "setprototypeof": {
              "version": "1.0.3",
              "bundled": true
            }
          }
        },
        "iconv-lite": {
          "version": "0.4.19",
          "bundled": true
        },
        "inflight": {
          "version": "1.0.6",
          "bundled": true,
          "requires": {
            "once": "^1.3.0",
            "wrappy": "1"
          }
        },
        "inherits": {
          "version": "2.0.3",
          "bundled": true
        },
        "ipaddr.js": {
          "version": "1.5.2",
          "bundled": true
        },
        "lodash": {
          "version": "3.10.1",
          "bundled": true
        },
        "media-typer": {
          "version": "0.3.0",
          "bundled": true
        },
        "merge-descriptors": {
          "version": "1.0.1",
          "bundled": true
        },
        "methods": {
          "version": "1.1.2",
          "bundled": true
        },
        "mime": {
          "version": "1.4.1",
          "bundled": true
        },
        "mime-db": {
          "version": "1.30.0",
          "bundled": true
        },
        "mime-types": {
          "version": "2.1.17",
          "bundled": true,
          "requires": {
            "mime-db": "~1.30.0"
          }
        },
        "minimatch": {
          "version": "3.0.4",
          "bundled": true,
          "requires": {
            "brace-expansion": "^1.1.7"
          }
        },
        "ms": {
          "version": "2.0.0",
          "bundled": true
        },
        "negotiator": {
          "version": "0.6.1",
          "bundled": true
        },
        "nopt": {
          "version": "3.0.6",
          "bundled": true,
          "requires": {
            "abbrev": "1"
          }
        },
        "on-finished": {
          "version": "2.3.0",
          "bundled": true,
          "requires": {
            "ee-first": "1.1.1"
          }
        },
        "on-headers": {
          "version": "1.0.1",
          "bundled": true
        },
        "once": {
          "version": "1.4.0",
          "bundled": true,
          "requires": {
            "wrappy": "1"
          }
        },
        "open": {
          "version": "0.0.5",
          "bundled": true
        },
        "os-homedir": {
          "version": "1.0.2",
          "bundled": true
        },
        "os-tmpdir": {
          "version": "1.0.2",
          "bundled": true
        },
        "osenv": {
          "version": "0.1.4",
          "bundled": true,
          "requires": {
            "os-homedir": "^1.0.0",
            "os-tmpdir": "^1.0.0"
          }
        },
        "parseurl": {
          "version": "1.3.2",
          "bundled": true
        },
        "path-is-absolute": {
          "version": "1.0.1",
          "bundled": true
        },
        "path-to-regexp": {
          "version": "0.1.7",
          "bundled": true
        },
        "plist": {
          "version": "1.2.0",
          "bundled": true,
          "requires": {
            "base64-js": "0.0.8",
            "util-deprecate": "1.0.2",
            "xmlbuilder": "4.0.0",
            "xmldom": "0.1.x"
          }
        },
        "proxy-addr": {
          "version": "2.0.2",
          "bundled": true,
          "requires": {
            "forwarded": "~0.1.2",
            "ipaddr.js": "1.5.2"
          }
        },
        "q": {
          "version": "1.5.1",
          "bundled": true
        },
        "qs": {
          "version": "6.5.1",
          "bundled": true
        },
        "range-parser": {
          "version": "1.2.0",
          "bundled": true
        },
        "raw-body": {
          "version": "2.3.2",
          "bundled": true,
          "requires": {
            "bytes": "3.0.0",
            "http-errors": "1.6.2",
            "iconv-lite": "0.4.19",
            "unpipe": "1.0.0"
          }
        },
        "safe-buffer": {
          "version": "5.1.1",
          "bundled": true
        },
        "sax": {
          "version": "0.3.5",
          "bundled": true
        },
        "semver": {
          "version": "5.4.1",
          "bundled": true
        },
        "send": {
          "version": "0.16.1",
          "bundled": true,
          "requires": {
            "debug": "2.6.9",
            "depd": "~1.1.1",
            "destroy": "~1.0.4",
            "encodeurl": "~1.0.1",
            "escape-html": "~1.0.3",
            "etag": "~1.8.1",
            "fresh": "0.5.2",
            "http-errors": "~1.6.2",
            "mime": "1.4.1",
            "ms": "2.0.0",
            "on-finished": "~2.3.0",
            "range-parser": "~1.2.0",
            "statuses": "~1.3.1"
          }
        },
        "serve-static": {
          "version": "1.13.1",
          "bundled": true,
          "requires": {
            "encodeurl": "~1.0.1",
            "escape-html": "~1.0.3",
            "parseurl": "~1.3.2",
            "send": "0.16.1"
          }
        },
        "setprototypeof": {
          "version": "1.1.0",
          "bundled": true
        },
        "shelljs": {
          "version": "0.5.3",
          "bundled": true
        },
        "statuses": {
          "version": "1.3.1",
          "bundled": true
        },
        "strip-ansi": {
          "version": "3.0.1",
          "bundled": true,
          "requires": {
            "ansi-regex": "^2.0.0"
          }
        },
        "supports-color": {
          "version": "2.0.0",
          "bundled": true
        },
        "type-is": {
          "version": "1.6.15",
          "bundled": true,
          "requires": {
            "media-typer": "0.3.0",
            "mime-types": "~2.1.15"
          }
        },
        "underscore": {
          "version": "1.8.3",
          "bundled": true
        },
        "unorm": {
          "version": "1.4.1",
          "bundled": true
        },
        "unpipe": {
          "version": "1.0.0",
          "bundled": true
        },
        "util-deprecate": {
          "version": "1.0.2",
          "bundled": true
        },
        "utils-merge": {
          "version": "1.0.1",
          "bundled": true
        },
        "vary": {
          "version": "1.1.2",
          "bundled": true
        },
        "wrappy": {
          "version": "1.0.2",
          "bundled": true
        },
        "xmlbuilder": {
          "version": "4.0.0",
          "bundled": true,
          "requires": {
            "lodash": "^3.5.0"
          }
        },
        "xmldom": {
          "version": "0.1.27",
          "bundled": true
        }
      }
    },
    "cordova-config": {
      "version": "0.7.0",
      "resolved": "https://registry.npmjs.org/cordova-config/-/cordova-config-0.7.0.tgz",
      "integrity": "sha1-oebSysqkw8XoIYQJMoMv5E5USPs=",
      "dev": true,
      "requires": {
        "elementtree": "^0.1.6",
        "pify": "^2.3.0",
        "pinkie-promise": "^1.0.0"
      }
    },
    "cordova-ios": {
      "version": "4.5.4",
      "resolved": "https://registry.npmjs.org/cordova-ios/-/cordova-ios-4.5.4.tgz",
      "integrity": "sha1-yAZIBYlyloVw3BXalzFP+S0H3+c=",
      "requires": {
        "cordova-common": "2.1.0",
        "ios-sim": "^6.1.2",
        "nopt": "^3.0.6",
        "plist": "^1.2.0",
        "q": "^1.4.1",
        "shelljs": "^0.5.3",
        "xcode": "^0.9.0",
        "xml-escape": "^1.1.0"
      },
      "dependencies": {
        "abbrev": {
          "version": "1.1.1",
          "resolved": "https://registry.npmjs.org/abbrev/-/abbrev-1.1.1.tgz",
          "integrity": "sha512-nne9/IiQ/hzIhY6pdDnbBtz7DjPTKrY00P/zvPSm5pOFkl6xuGrGnXn/VtTNNfNtAfZ9/1RtehkszU9qcTii0Q=="
        },
        "ansi": {
          "version": "0.3.1",
          "resolved": "https://registry.npmjs.org/ansi/-/ansi-0.3.1.tgz",
          "integrity": "sha1-DELU+xcWDVqa8eSEus4cZpIsGyE="
        },
        "balanced-match": {
          "version": "1.0.0",
          "resolved": "https://registry.npmjs.org/balanced-match/-/balanced-match-1.0.0.tgz",
          "integrity": "sha1-ibTRmasr7kneFk6gK4nORi1xt2c="
        },
        "base64-js": {
          "version": "0.0.8",
          "resolved": "https://registry.npmjs.org/base64-js/-/base64-js-0.0.8.tgz",
          "integrity": "sha1-EQHpVE9KdrG8OybUUsqW16NeeXg="
        },
        "big-integer": {
          "version": "1.6.25",
          "resolved": "https://registry.npmjs.org/big-integer/-/big-integer-1.6.25.tgz",
          "integrity": "sha1-HeRan1dUKsIBIcaC+NZCIgo06CM="
        },
        "bplist-creator": {
          "version": "0.0.7",
          "resolved": "https://registry.npmjs.org/bplist-creator/-/bplist-creator-0.0.7.tgz",
          "integrity": "sha1-N98VNgkoJLh8QvlXsBNEEXNyrkU=",
          "requires": {
            "stream-buffers": "~2.2.0"
          }
        },
        "bplist-parser": {
          "version": "0.1.1",
          "resolved": "https://registry.npmjs.org/bplist-parser/-/bplist-parser-0.1.1.tgz",
          "integrity": "sha1-1g1dzCDLptx+HymbNdPh+V2vuuY=",
          "requires": {
            "big-integer": "^1.6.7"
          }
        },
        "brace-expansion": {
          "version": "1.1.8",
          "resolved": "https://registry.npmjs.org/brace-expansion/-/brace-expansion-1.1.8.tgz",
          "integrity": "sha1-wHshHHyVLsH479Uad+8NHTmQopI=",
          "requires": {
            "balanced-match": "^1.0.0",
            "concat-map": "0.0.1"
          }
        },
        "concat-map": {
          "version": "0.0.1",
          "resolved": "https://registry.npmjs.org/concat-map/-/concat-map-0.0.1.tgz",
          "integrity": "sha1-2Klr13/Wjfd5OnMDajug1UBdR3s="
        },
        "cordova-common": {
          "version": "2.1.0",
          "resolved": "https://registry.npmjs.org/cordova-common/-/cordova-common-2.1.0.tgz",
          "integrity": "sha1-uzV+4bmCUDHtnbPFa1ku/pc9FkA=",
          "requires": {
            "ansi": "^0.3.1",
            "bplist-parser": "^0.1.0",
            "cordova-registry-mapper": "^1.1.8",
            "elementtree": "0.1.6",
            "glob": "^5.0.13",
            "minimatch": "^3.0.0",
            "osenv": "^0.1.3",
            "plist": "^1.2.0",
            "q": "^1.4.1",
            "semver": "^5.0.1",
            "shelljs": "^0.5.3",
            "underscore": "^1.8.3",
            "unorm": "^1.3.3"
          }
        },
        "cordova-registry-mapper": {
          "version": "1.1.15",
          "resolved": "https://registry.npmjs.org/cordova-registry-mapper/-/cordova-registry-mapper-1.1.15.tgz",
          "integrity": "sha1-4kS5GFuBdUc7/2B5MkkFEV+D3Hw="
        },
        "elementtree": {
          "version": "0.1.6",
          "resolved": "https://registry.npmjs.org/elementtree/-/elementtree-0.1.6.tgz",
          "integrity": "sha1-KsTEbqMFFsjEy9teOsdBjlkt4gw=",
          "requires": {
            "sax": "0.3.5"
          }
        },
        "glob": {
          "version": "5.0.15",
          "resolved": "https://registry.npmjs.org/glob/-/glob-5.0.15.tgz",
          "integrity": "sha1-G8k2ueAvSmA/zCIuz3Yz0wuLk7E=",
          "requires": {
            "inflight": "^1.0.4",
            "inherits": "2",
            "minimatch": "2 || 3",
            "once": "^1.3.0",
            "path-is-absolute": "^1.0.0"
          }
        },
        "inflight": {
          "version": "1.0.6",
          "resolved": "https://registry.npmjs.org/inflight/-/inflight-1.0.6.tgz",
          "integrity": "sha1-Sb1jMdfQLQwJvJEKEHW6gWW1bfk=",
          "requires": {
            "once": "^1.3.0",
            "wrappy": "1"
          }
        },
        "inherits": {
          "version": "2.0.3",
          "resolved": "https://registry.npmjs.org/inherits/-/inherits-2.0.3.tgz",
          "integrity": "sha1-Yzwsg+PaQqUC9SRmAiSA9CCCYd4="
        },
        "lodash": {
          "version": "3.10.1",
          "resolved": "https://registry.npmjs.org/lodash/-/lodash-3.10.1.tgz",
          "integrity": "sha1-W/Rejkm6QYnhfUgnid/RW9FAt7Y="
        },
        "minimatch": {
          "version": "3.0.4",
          "resolved": "https://registry.npmjs.org/minimatch/-/minimatch-3.0.4.tgz",
          "integrity": "sha512-yJHVQEhyqPLUTgt9B83PXu6W3rx4MvvHvSUvToogpwoGDOUQ+yDrR0HRot+yOCdCO7u4hX3pWft6kWBBcqh0UA==",
          "requires": {
            "brace-expansion": "^1.1.7"
          }
        },
        "nopt": {
          "version": "3.0.6",
          "resolved": "https://registry.npmjs.org/nopt/-/nopt-3.0.6.tgz",
          "integrity": "sha1-xkZdvwirzU2zWTF/eaxopkayj/k=",
          "requires": {
            "abbrev": "1"
          }
        },
        "once": {
          "version": "1.4.0",
          "resolved": "https://registry.npmjs.org/once/-/once-1.4.0.tgz",
          "integrity": "sha1-WDsap3WWHUsROsF9nFC6753Xa9E=",
          "requires": {
            "wrappy": "1"
          }
        },
        "os-homedir": {
          "version": "1.0.2",
          "resolved": "https://registry.npmjs.org/os-homedir/-/os-homedir-1.0.2.tgz",
          "integrity": "sha1-/7xJiDNuDoM94MFox+8VISGqf7M="
        },
        "os-tmpdir": {
          "version": "1.0.2",
          "resolved": "https://registry.npmjs.org/os-tmpdir/-/os-tmpdir-1.0.2.tgz",
          "integrity": "sha1-u+Z0BseaqFxc/sdm/lc0VV36EnQ="
        },
        "osenv": {
          "version": "0.1.4",
          "resolved": "https://registry.npmjs.org/osenv/-/osenv-0.1.4.tgz",
          "integrity": "sha1-Qv5tWVPfBsgGS+bxdsPQWqqjRkQ=",
          "requires": {
            "os-homedir": "^1.0.0",
            "os-tmpdir": "^1.0.0"
          }
        },
        "path-is-absolute": {
          "version": "1.0.1",
          "resolved": "https://registry.npmjs.org/path-is-absolute/-/path-is-absolute-1.0.1.tgz",
          "integrity": "sha1-F0uSaHNVNP+8es5r9TpanhtcX18="
        },
        "pegjs": {
          "version": "0.10.0",
          "resolved": "https://registry.npmjs.org/pegjs/-/pegjs-0.10.0.tgz",
          "integrity": "sha1-z4uvrm7d/0tafvsYUmnqr0YQ3b0="
        },
        "plist": {
          "version": "1.2.0",
          "resolved": "https://registry.npmjs.org/plist/-/plist-1.2.0.tgz",
          "integrity": "sha1-CEtQk93JJQbiWfh0uNmxr7jHlZM=",
          "requires": {
            "base64-js": "0.0.8",
            "util-deprecate": "1.0.2",
            "xmlbuilder": "4.0.0",
            "xmldom": "0.1.x"
          }
        },
        "q": {
          "version": "1.5.1",
          "resolved": "https://registry.npmjs.org/q/-/q-1.5.1.tgz",
          "integrity": "sha1-fjL3W0E4EpHQRhHxvxQQmsAGUdc="
        },
        "sax": {
          "version": "0.3.5",
          "resolved": "https://registry.npmjs.org/sax/-/sax-0.3.5.tgz",
          "integrity": "sha1-iPz8H3PAyLvVt8d2ttPzUB7tBz0="
        },
        "semver": {
          "version": "5.4.1",
          "resolved": "https://registry.npmjs.org/semver/-/semver-5.4.1.tgz",
          "integrity": "sha512-WfG/X9+oATh81XtllIo/I8gOiY9EXRdv1cQdyykeXK17YcUW3EXUAi2To4pcH6nZtJPr7ZOpM5OMyWJZm+8Rsg=="
        },
        "shelljs": {
          "version": "0.5.3",
          "resolved": "https://registry.npmjs.org/shelljs/-/shelljs-0.5.3.tgz",
          "integrity": "sha1-xUmCuZbHbvDB5rWfvcWCX1txMRM="
        },
        "simple-plist": {
          "version": "0.2.1",
          "resolved": "https://registry.npmjs.org/simple-plist/-/simple-plist-0.2.1.tgz",
          "integrity": "sha1-cXZts1IyaSjPOoByQrp2IyJjZyM=",
          "requires": {
            "bplist-creator": "0.0.7",
            "bplist-parser": "0.1.1",
            "plist": "2.0.1"
          },
          "dependencies": {
            "base64-js": {
              "version": "1.1.2",
              "resolved": "https://registry.npmjs.org/base64-js/-/base64-js-1.1.2.tgz",
              "integrity": "sha1-1kAMrBxMZgl22Q0HoENR2JOV9eg="
            },
            "plist": {
              "version": "2.0.1",
              "resolved": "https://registry.npmjs.org/plist/-/plist-2.0.1.tgz",
              "integrity": "sha1-CjLKlIGxw2TpLhjcVch23p0B2os=",
              "requires": {
                "base64-js": "1.1.2",
                "xmlbuilder": "8.2.2",
                "xmldom": "0.1.x"
              }
            },
            "xmlbuilder": {
              "version": "8.2.2",
              "resolved": "https://registry.npmjs.org/xmlbuilder/-/xmlbuilder-8.2.2.tgz",
              "integrity": "sha1-aSSGc0ELS6QuGmE2VR0pIjNap3M="
            }
          }
        },
        "stream-buffers": {
          "version": "2.2.0",
          "resolved": "https://registry.npmjs.org/stream-buffers/-/stream-buffers-2.2.0.tgz",
          "integrity": "sha1-kdX1Ew0c75bc+n9yaUUYh0HQnuQ="
        },
        "underscore": {
          "version": "1.8.3",
          "resolved": "https://registry.npmjs.org/underscore/-/underscore-1.8.3.tgz",
          "integrity": "sha1-Tz+1OxBuYJf8+ctBCfKl6b36UCI="
        },
        "unorm": {
          "version": "1.4.1",
          "resolved": "https://registry.npmjs.org/unorm/-/unorm-1.4.1.tgz",
          "integrity": "sha1-NkIA1fE2RsqLzURJAnEzVhR5IwA="
        },
        "util-deprecate": {
          "version": "1.0.2",
          "resolved": "https://registry.npmjs.org/util-deprecate/-/util-deprecate-1.0.2.tgz",
          "integrity": "sha1-RQ1Nyfpw3nMnYvvS1KKJgUGaDM8="
        },
        "uuid": {
          "version": "3.0.1",
          "resolved": "https://registry.npmjs.org/uuid/-/uuid-3.0.1.tgz",
          "integrity": "sha1-ZUS7ot/ajBzxfmKaOjBeK7H+5sE="
        },
        "wrappy": {
          "version": "1.0.2",
          "resolved": "https://registry.npmjs.org/wrappy/-/wrappy-1.0.2.tgz",
          "integrity": "sha1-tSQ9jz7BqjXxNkYFvA0QNuMKtp8="
        },
        "xcode": {
          "version": "0.9.3",
          "resolved": "https://registry.npmjs.org/xcode/-/xcode-0.9.3.tgz",
          "integrity": "sha1-kQqJwWrubMC0LKgFptC0z4chHPM=",
          "requires": {
            "pegjs": "^0.10.0",
            "simple-plist": "^0.2.1",
            "uuid": "3.0.1"
          }
        },
        "xml-escape": {
          "version": "1.1.0",
          "resolved": "https://registry.npmjs.org/xml-escape/-/xml-escape-1.1.0.tgz",
          "integrity": "sha1-OQTBQ/qOs6ADDsZG0pAqLxtwbEQ="
        },
        "xmlbuilder": {
          "version": "4.0.0",
          "resolved": "https://registry.npmjs.org/xmlbuilder/-/xmlbuilder-4.0.0.tgz",
          "integrity": "sha1-mLj2UcowqmJANvEn0RzGbce5B6M=",
          "requires": {
            "lodash": "^3.5.0"
          }
        },
        "xmldom": {
          "version": "0.1.27",
          "resolved": "https://registry.npmjs.org/xmldom/-/xmldom-0.1.27.tgz",
          "integrity": "sha1-1QH5ezvbQDr4757MIFcxh6rawOk="
        }
      }
    },
    "cordova-plugin-app-event": {
      "version": "1.2.1",
      "resolved": "https://registry.npmjs.org/cordova-plugin-app-event/-/cordova-plugin-app-event-1.2.1.tgz",
      "integrity": "sha1-DuuxQTKqQ7suXAgamr29l8otgTI="
    },
    "cordova-plugin-app-version": {
      "version": "0.1.9",
      "resolved": "https://registry.npmjs.org/cordova-plugin-app-version/-/cordova-plugin-app-version-0.1.9.tgz",
      "integrity": "sha1-nbBgeGMzenEEiTAuX1CpBPFEm9s="
    },
    "cordova-plugin-badge": {
      "version": "0.8.7",
      "resolved": "https://registry.npmjs.org/cordova-plugin-badge/-/cordova-plugin-badge-0.8.7.tgz",
      "integrity": "sha1-/klCqiSvaCLahcAczOaoMa//WTE="
    },
    "cordova-plugin-camera": {
      "version": "2.4.1",
      "resolved": "https://registry.npmjs.org/cordova-plugin-camera/-/cordova-plugin-camera-2.4.1.tgz",
      "integrity": "sha1-GV404S22TxxJ52T31OPyYao9lME="
    },
    "cordova-plugin-compat": {
      "version": "1.2.0",
      "resolved": "https://registry.npmjs.org/cordova-plugin-compat/-/cordova-plugin-compat-1.2.0.tgz",
      "integrity": "sha1-C8ZXVyduvZIMASzpIOJ0F3V2Nz4="
    },
    "cordova-plugin-device": {
      "version": "1.1.7",
      "resolved": "https://registry.npmjs.org/cordova-plugin-device/-/cordova-plugin-device-1.1.7.tgz",
      "integrity": "sha1-/JQRG+aTJijGaGiTjd89yCyfv+Y="
    },
    "cordova-plugin-dialogs": {
      "version": "2.0.1",
      "resolved": "https://registry.npmjs.org/cordova-plugin-dialogs/-/cordova-plugin-dialogs-2.0.1.tgz",
      "integrity": "sha1-N/7xUSWWyNXflUP7eHJFkPdn3PM="
    },
    "cordova-plugin-email": {
      "version": "1.2.7",
      "resolved": "https://registry.npmjs.org/cordova-plugin-email/-/cordova-plugin-email-1.2.7.tgz",
      "integrity": "sha1-QZVfIGfxBLu6c2Fi5HbtfUFnBng="
    },
    "cordova-plugin-file": {
      "version": "4.3.3",
      "resolved": "https://registry.npmjs.org/cordova-plugin-file/-/cordova-plugin-file-4.3.3.tgz",
      "integrity": "sha1-AS6Xqhr7kfhJFuY0G1SDZtI96bk="
    },
    "cordova-plugin-inappbrowser": {
      "version": "0.2.5",
      "resolved": "https://registry.npmjs.org/cordova-plugin-inappbrowser/-/cordova-plugin-inappbrowser-0.2.5.tgz",
      "integrity": "sha1-dtIDDOqCh6F026PxK4OyJHu8ol4="
    },
    "cordova-plugin-local-notification": {
      "version": "0.8.4",
      "resolved": "https://registry.npmjs.org/cordova-plugin-local-notification/-/cordova-plugin-local-notification-0.8.4.tgz",
      "integrity": "sha1-leC6o/5AF4+hD4yat4pslLnKbM8=",
      "requires": {
        "cordova-plugin-app-event": ">=1.1.0",
        "cordova-plugin-device": "*"
      },
      "dependencies": {
        "cordova-plugin-app-event": {
          "version": "1.2.1",
          "resolved": "https://registry.npmjs.org/cordova-plugin-app-event/-/cordova-plugin-app-event-1.2.1.tgz",
          "integrity": "sha1-DuuxQTKqQ7suXAgamr29l8otgTI="
        }
      }
    },
    "cordova-plugin-network-information": {
      "version": "git+https://github.com/apache/cordova-plugin-network-information.git#0796cf953358e900659eca8d347fd5386cc80183",
      "from": "git+https://github.com/apache/cordova-plugin-network-information.git"
    },
    "cordova-plugin-printer": {
      "version": "0.7.3",
      "resolved": "https://registry.npmjs.org/cordova-plugin-printer/-/cordova-plugin-printer-0.7.3.tgz",
      "integrity": "sha1-go29CzKLFbNF0lxeZMQsTvMWRYY="
    },
    "cordova-plugin-splashscreen": {
      "version": "5.0.2",
      "resolved": "https://registry.npmjs.org/cordova-plugin-splashscreen/-/cordova-plugin-splashscreen-5.0.2.tgz",
      "integrity": "sha1-dH509W4gHNWFvGLRS8oZ9oZ/8e0="
    },
    "cordova-plugin-sslcertificatechecker": {
      "version": "5.1.0",
      "resolved": "https://registry.npmjs.org/cordova-plugin-sslcertificatechecker/-/cordova-plugin-sslcertificatechecker-5.1.0.tgz",
      "integrity": "sha1-t9fBeeZglPXtverlXHJ8my+ZQPM="
    },
    "cordova-plugin-whitelist": {
      "version": "1.3.3",
      "resolved": "https://registry.npmjs.org/cordova-plugin-whitelist/-/cordova-plugin-whitelist-1.3.3.tgz",
      "integrity": "sha1-tehezbv+Wu3tQKG/TuI3LmfZb7Q="
    },
    "cordova-plugin-x-toast": {
      "version": "2.7.0",
      "resolved": "https://registry.npmjs.org/cordova-plugin-x-toast/-/cordova-plugin-x-toast-2.7.0.tgz",
      "integrity": "sha512-snd4KTWXvku9BHgwRFiz75fGZCtr1K/Z6KRLWmtmqKWT/6lKlMZHbPOQfXavOyV9iqotJHgzbv2BMJtLuXlRVg=="
    },
    "elementtree": {
      "version": "0.1.7",
      "resolved": "https://registry.npmjs.org/elementtree/-/elementtree-0.1.7.tgz",
      "integrity": "sha1-mskb5uUvtuYkTE5UpKw+2K6OKcA=",
      "dev": true,
      "requires": {
        "sax": "1.1.4"
      },
      "dependencies": {
        "sax": {
          "version": "1.1.4",
          "resolved": "https://registry.npmjs.org/sax/-/sax-1.1.4.tgz",
          "integrity": "sha1-dLbTPJrh4AFRDxeakRaFiPGu2qk=",
          "dev": true
        }
      }
    },
    "find-replace": {
      "version": "2.0.1",
      "resolved": "https://registry.npmjs.org/find-replace/-/find-replace-2.0.1.tgz",
      "integrity": "sha512-LzDo3Fpa30FLIBsh6DCDnMN1KW2g4QKkqKmejlImgWY67dDFPX/x9Kh/op/GK522DchQXEvDi/wD48HKW49XOQ==",
      "dev": true,
      "requires": {
        "array-back": "^2.0.0",
        "test-value": "^3.0.0"
      }
    },
    "fs-extra": {
      "version": "5.0.0",
      "resolved": "https://registry.npmjs.org/fs-extra/-/fs-extra-5.0.0.tgz",
      "integrity": "sha512-66Pm4RYbjzdyeuqudYqhFiNBbCIuI9kgRqLPSHIlXHidW8NIQtVdkM1yeZ4lXwuhbTETv3EUGMNHAAw6hiundQ==",
      "dev": true,
      "requires": {
        "graceful-fs": "^4.1.2",
        "jsonfile": "^4.0.0",
        "universalify": "^0.1.0"
      }
    },
    "graceful-fs": {
      "version": "4.1.11",
      "resolved": "https://registry.npmjs.org/graceful-fs/-/graceful-fs-4.1.11.tgz",
      "integrity": "sha1-Dovf5NHduIVNZOBOp8AOKgJuVlg=",
      "dev": true
    },
    "ios-sim": {
      "version": "6.1.3",
      "resolved": "https://registry.npmjs.org/ios-sim/-/ios-sim-6.1.3.tgz",
      "integrity": "sha512-xnpRKFH8ytVuSs+qlfBttVjNqFRovONT+K940518eVXWC151AJbzC6L0TCGnxyMPF5ghVCGcyGterfMOJKVb3w==",
      "requires": {
        "bplist-parser": "^0.0.6",
        "nopt": "1.0.9",
        "plist": "^2.1.0",
        "simctl": "^1.1.1"
      }
    },
    "jsonfile": {
      "version": "4.0.0",
      "resolved": "https://registry.npmjs.org/jsonfile/-/jsonfile-4.0.0.tgz",
      "integrity": "sha1-h3Gq4HmbZAdrdmQPygWPnBDjPss=",
      "dev": true,
      "requires": {
        "graceful-fs": "^4.1.6"
      }
    },
    "lodash.camelcase": {
      "version": "4.3.0",
      "resolved": "https://registry.npmjs.org/lodash.camelcase/-/lodash.camelcase-4.3.0.tgz",
      "integrity": "sha1-soqmKIorn8ZRA1x3EfZathkDMaY=",
      "dev": true
    },
    "nopt": {
      "version": "1.0.9",
      "resolved": "https://registry.npmjs.org/nopt/-/nopt-1.0.9.tgz",
      "integrity": "sha1-O8DXy6e/sNWmdtvtfA6+SKT9RU4=",
      "requires": {
        "abbrev": "1"
      }
    },
    "phonegap-plugin-mobile-accessibility": {
      "version": "1.0.5",
      "resolved": "https://registry.npmjs.org/phonegap-plugin-mobile-accessibility/-/phonegap-plugin-mobile-accessibility-1.0.5.tgz",
      "integrity": "sha1-lah1TRJ1CLxuGuJZpTznZYNurAM="
    },
    "pify": {
      "version": "2.3.0",
      "resolved": "https://registry.npmjs.org/pify/-/pify-2.3.0.tgz",
      "integrity": "sha1-7RQaasBDqEnqWISY59yosVMw6Qw=",
      "dev": true
    },
    "pinkie": {
      "version": "1.0.0",
      "resolved": "https://registry.npmjs.org/pinkie/-/pinkie-1.0.0.tgz",
      "integrity": "sha1-Wkfyi6EBXQIBvae/DzWOR77Ix+Q=",
      "dev": true
    },
    "pinkie-promise": {
      "version": "1.0.0",
      "resolved": "https://registry.npmjs.org/pinkie-promise/-/pinkie-promise-1.0.0.tgz",
      "integrity": "sha1-0dpn9UglY7t89X8oauKCLs+/NnA=",
      "dev": true,
      "requires": {
        "pinkie": "^1.0.0"
      }
    },
    "plist": {
      "version": "2.1.0",
      "resolved": "https://registry.npmjs.org/plist/-/plist-2.1.0.tgz",
      "integrity": "sha1-V8zbeggh3yGDEhejytVOPhRqECU=",
      "requires": {
        "base64-js": "1.2.0",
        "xmlbuilder": "8.2.2",
        "xmldom": "0.1.x"
      },
      "dependencies": {
        "xmlbuilder": {
          "version": "8.2.2",
          "resolved": "https://registry.npmjs.org/xmlbuilder/-/xmlbuilder-8.2.2.tgz",
          "integrity": "sha1-aSSGc0ELS6QuGmE2VR0pIjNap3M="
        }
      }
    },
    "sax": {
      "version": "1.2.4",
      "resolved": "https://registry.npmjs.org/sax/-/sax-1.2.4.tgz",
      "integrity": "sha1-KBYjTiN4vdxOU1T6tcqold9xANk="
    },
    "shelljs": {
      "version": "0.2.6",
      "resolved": "https://registry.npmjs.org/shelljs/-/shelljs-0.2.6.tgz",
      "integrity": "sha1-kEktcv/MgVmXa6umL7D2iE8MM3g="
    },
    "simctl": {
      "version": "1.1.1",
      "resolved": "https://registry.npmjs.org/simctl/-/simctl-1.1.1.tgz",
      "integrity": "sha512-yY1WQMq/pneY5jQb2+lFp45qEtcz4yKBu1NOPo2OFDVCkwSkQhpkoaAaO1fWhq4IU0+8TQ2r1PMGSTedP0A/Og==",
      "requires": {
        "shelljs": "^0.2.6",
        "tail": "^0.4.0"
      }
    },
    "tail": {
      "version": "0.4.0",
      "resolved": "https://registry.npmjs.org/tail/-/tail-0.4.0.tgz",
      "integrity": "sha1-0p3nJ1DMmdseBTr/E8NZ7PtxMAI="
    },
    "test-value": {
      "version": "3.0.0",
      "resolved": "https://registry.npmjs.org/test-value/-/test-value-3.0.0.tgz",
      "integrity": "sha512-sVACdAWcZkSU9x7AOmJo5TqE+GyNJknHaHsMrR6ZnhjVlVN9Yx6FjHrsKZ3BjIpPCT68zYesPWkakrNupwfOTQ==",
      "dev": true,
      "requires": {
        "array-back": "^2.0.0",
        "typical": "^2.6.1"
      }
    },
    "typical": {
      "version": "2.6.1",
      "resolved": "https://registry.npmjs.org/typical/-/typical-2.6.1.tgz",
      "integrity": "sha1-XAgOXWYcu+OCWdLnCjxyU+hziB0=",
      "dev": true
    },
    "universalify": {
      "version": "0.1.1",
      "resolved": "https://registry.npmjs.org/universalify/-/universalify-0.1.1.tgz",
      "integrity": "sha1-+nG63UQ3r0wUiEHjs7Fl+enlkLc=",
      "dev": true
    },
    "xml2js": {
      "version": "0.4.19",
      "resolved": "https://registry.npmjs.org/xml2js/-/xml2js-0.4.19.tgz",
      "integrity": "sha1-aGwg8hMgnpSr8NG88e+qKRx4J6c=",
      "requires": {
        "sax": ">=0.6.0",
        "xmlbuilder": "~9.0.1"
      }
    },
    "xmlbuilder": {
      "version": "9.0.4",
      "resolved": "https://registry.npmjs.org/xmlbuilder/-/xmlbuilder-9.0.4.tgz",
      "integrity": "sha1-UZy0ymhtAFqEINNJbz8MruzKWA8="
    },
    "xmldom": {
      "version": "0.1.31",
      "resolved": "https://registry.npmjs.org/xmldom/-/xmldom-0.1.31.tgz",
      "integrity": "sha512-yS2uJflVQs6n+CyjHoaBmVSqIDevTAWrzMmjG1Gc7h1qQ7uVozNhEPJAwZXWyGQ/Gafo3fCwrcaokezLPupVyQ=="
    }
  }
}
